
Microsoft Visual Studio Solution File, Format Version 12.00
# Visual Studio Version 16
VisualStudioVersion = 16.0.32126.315
MinimumVisualStudioVersion = 10.0.40219.1
Project("{FAE04EC0-301F-11D3-BF4B-00C04F79EFBC}") = "LearnBinaryApp", "LearnBinaryApp\LearnBinaryApp.csproj", "{260964E7-4915-433E-8411-76DEA0E08523}"
EndProject
Project("{FAE04EC0-301F-11D3-BF4B-00C04F79EFBC}") = "LearnBinaryLibrary", "LearnBinaryLibrary\LearnBinaryLibrary.csproj", "{556261D8-C61C-49E1-BE27-16094216CCCD}"
EndProject
Project("{FAE04EC0-301F-11D3-BF4B-00C04F79EFBC}") = "LearnBinaryTesting", "LearnBinaryTesting\LearnBinaryTesting.csproj", "{72565E9F-7C55-4595-85DA-D354BC61E72B}"
EndProject
Global
	GlobalSection(SolutionConfigurationPlatforms) = preSolution
		Debug|Any CPU = Debug|Any CPU
		Debug|ARM = Debug|ARM
		Debug|ARM64 = Debug|ARM64
		Debug|x64 = Debug|x64
		Debug|x86 = Debug|x86
		Release|Any CPU = Release|Any CPU
		Release|ARM = Release|ARM
		Release|ARM64 = Release|ARM64
		Release|x64 = Release|x64
		Release|x86 = Release|x86
	EndGlobalSection
	GlobalSection(ProjectConfigurationPlatforms) = postSolution
		{260964E7-4915-433E-8411-76DEA0E08523}.Debug|Any CPU.ActiveCfg = Debug|x86
		{260964E7-4915-433E-8411-76DEA0E08523}.Debug|ARM.ActiveCfg = Debug|ARM
		{260964E7-4915-433E-8411-76DEA0E08523}.Debug|ARM.Build.0 = Debug|ARM
		{260964E7-4915-433E-8411-76DEA0E08523}.Debug|ARM.Deploy.0 = Debug|ARM
		{260964E7-4915-433E-8411-76DEA0E08523}.Debug|ARM64.ActiveCfg = Debug|ARM64
		{260964E7-4915-433E-8411-76DEA0E08523}.Debug|ARM64.Build.0 = Debug|ARM64
		{260964E7-4915-433E-8411-76DEA0E08523}.Debug|ARM64.Deploy.0 = Debug|ARM64
		{260964E7-4915-433E-8411-76DEA0E08523}.Debug|x64.ActiveCfg = Debug|x64
		{260964E7-4915-433E-8411-76DEA0E08523}.Debug|x64.Build.0 = Debug|x64
		{260964E7-4915-433E-8411-76DEA0E08523}.Debug|x64.Deploy.0 = Debug|x64
		{260964E7-4915-433E-8411-76DEA0E08523}.Debug|x86.ActiveCfg = Debug|x86
		{260964E7-4915-433E-8411-76DEA0E08523}.Debug|x86.Build.0 = Debug|x86
		{260964E7-4915-433E-8411-76DEA0E08523}.Debug|x86.Deploy.0 = Debug|x86
		{260964E7-4915-433E-8411-76DEA0E08523}.Release|Any CPU.ActiveCfg = Release|x86
		{260964E7-4915-433E-8411-76DEA0E08523}.Release|ARM.ActiveCfg = Release|ARM
		{260964E7-4915-433E-8411-76DEA0E08523}.Release|ARM.Build.0 = Release|ARM
		{260964E7-4915-433E-8411-76DEA0E08523}.Release|ARM.Deploy.0 = Release|ARM
		{260964E7-4915-433E-8411-76DEA0E08523}.Release|ARM64.ActiveCfg = Release|ARM64
		{260964E7-4915-433E-8411-76DEA0E08523}.Release|ARM64.Build.0 = Release|ARM64
		{260964E7-4915-433E-8411-76DEA0E08523}.Release|ARM64.Deploy.0 = Release|ARM64
		{260964E7-4915-433E-8411-76DEA0E08523}.Release|x64.ActiveCfg = Release|x64
		{260964E7-4915-433E-8411-76DEA0E08523}.Release|x64.Build.0 = Release|x64
		{260964E7-4915-433E-8411-76DEA0E08523}.Release|x64.Deploy.0 = Release|x64
		{260964E7-4915-433E-8411-76DEA0E08523}.Release|x86.ActiveCfg = Release|x86
		{260964E7-4915-433E-8411-76DEA0E08523}.Release|x86.Build.0 = Release|x86
		{260964E7-4915-433E-8411-76DEA0E08523}.Release|x86.Deploy.0 = Release|x86
		{556261D8-C61C-49E1-BE27-16094216CCCD}.Debug|Any CPU.ActiveCfg = Debug|Any CPU
		{556261D8-C61C-49E1-BE27-16094216CCCD}.Debug|Any CPU.Build.0 = Debug|Any CPU
		{556261D8-C61C-49E1-BE27-16094216CCCD}.Debug|ARM.ActiveCfg = Debug|ARM
		{556261D8-C61C-49E1-BE27-16094216CCCD}.Debug|ARM.Build.0 = Debug|ARM
		{556261D8-C61C-49E1-BE27-16094216CCCD}.Debug|ARM64.ActiveCfg = Debug|ARM64
		{556261D8-C61C-49E1-BE27-16094216CCCD}.Debug|ARM64.Build.0 = Debug|ARM64
		{556261D8-C61C-49E1-BE27-16094216CCCD}.Debug|x64.ActiveCfg = Debug|x64
		{556261D8-C61C-49E1-BE27-16094216CCCD}.Debug|x64.Build.0 = Debug|x64
		{556261D8-C61C-49E1-BE27-16094216CCCD}.Debug|x86.ActiveCfg = Debug|x86
		{556261D8-C61C-49E1-BE27-16094216CCCD}.Debug|x86.Build.0 = Debug|x86
		{556261D8-C61C-49E1-BE27-16094216CCCD}.Release|Any CPU.ActiveCfg = Release|Any CPU
		{556261D8-C61C-49E1-BE27-16094216CCCD}.Release|Any CPU.Build.0 = Release|Any CPU
		{556261D8-C61C-49E1-BE27-16094216CCCD}.Release|ARM.ActiveCfg = Release|ARM
		{556261D8-C61C-49E1-BE27-16094216CCCD}.Release|ARM.Build.0 = Release|ARM
		{556261D8-C61C-49E1-BE27-16094216CCCD}.Release|ARM64.ActiveCfg = Release|ARM64
		{556261D8-C61C-49E1-BE27-16094216CCCD}.Release|ARM64.Build.0 = Release|ARM64
		{556261D8-C61C-49E1-BE27-16094216CCCD}.Release|x64.ActiveCfg = Release|x64
		{556261D8-C61C-49E1-BE27-16094216CCCD}.Release|x64.Build.0 = Release|x64
		{556261D8-C61C-49E1-BE27-16094216CCCD}.Release|x86.ActiveCfg = Release|x86
		{556261D8-C61C-49E1-BE27-16094216CCCD}.Release|x86.Build.0 = Release|x86
		{72565E9F-7C55-4595-85DA-D354BC61E72B}.Debug|Any CPU.ActiveCfg = Debug|x86
		{72565E9F-7C55-4595-85DA-D354BC61E72B}.Debug|ARM.ActiveCfg = Debug|ARM
		{72565E9F-7C55-4595-85DA-D354BC61E72B}.Debug|ARM.Build.0 = Debug|ARM
		{72565E9F-7C55-4595-85DA-D354BC61E72B}.Debug|ARM.Deploy.0 = Debug|ARM
		{72565E9F-7C55-4595-85DA-D354BC61E72B}.Debug|ARM64.ActiveCfg = Debug|ARM64
		{72565E9F-7C55-4595-85DA-D354BC61E72B}.Debug|ARM64.Build.0 = Debug|ARM64
		{72565E9F-7C55-4595-85DA-D354BC61E72B}.Debug|ARM64.Deploy.0 = Debug|ARM64
		{72565E9F-7C55-4595-85DA-D354BC61E72B}.Debug|x64.ActiveCfg = Debug|x64
		{72565E9F-7C55-4595-85DA-D354BC61E72B}.Debug|x64.Build.0 = Debug|x64
		{72565E9F-7C55-4595-85DA-D354BC61E72B}.Debug|x64.Deploy.0 = Debug|x64
		{72565E9F-7C55-4595-85DA-D354BC61E72B}.Debug|x86.ActiveCfg = Debug|x86
		{72565E9F-7C55-4595-85DA-D354BC61E72B}.Debug|x86.Build.0 = Debug|x86
		{72565E9F-7C55-4595-85DA-D354BC61E72B}.Debug|x86.Deploy.0 = Debug|x86
		{72565E9F-7C55-4595-85DA-D354BC61E72B}.Release|Any CPU.ActiveCfg = Release|x86
		{72565E9F-7C55-4595-85DA-D354BC61E72B}.Release|ARM.ActiveCfg = Release|ARM
		{72565E9F-7C55-4595-85DA-D354BC61E72B}.Release|ARM.Build.0 = Release|ARM
		{72565E9F-7C55-4595-85DA-D354BC61E72B}.Release|ARM.Deploy.0 = Release|ARM
		{72565E9F-7C55-4595-85DA-D354BC61E72B}.Release|ARM64.ActiveCfg = Release|ARM64
		{72565E9F-7C55-4595-85DA-D354BC61E72B}.Release|ARM64.Build.0 = Release|ARM64
		{72565E9F-7C55-4595-85DA-D354BC61E72B}.Release|ARM64.Deploy.0 = Release|ARM64
		{72565E9F-7C55-4595-85DA-D354BC61E72B}.Release|x64.ActiveCfg = Release|x64
		{72565E9F-7C55-4595-85DA-D354BC61E72B}.Release|x64.Build.0 = Release|x64
		{72565E9F-7C55-4595-85DA-D354BC61E72B}.Release|x64.Deploy.0 = Release|x64
		{72565E9F-7C55-4595-85DA-D354BC61E72B}.Release|x86.ActiveCfg = Release|x86
		{72565E9F-7C55-4595-85DA-D354BC61E72B}.Release|x86.Build.0 = Release|x86
		{72565E9F-7C55-4595-85DA-D354BC61E72B}.Release|x86.Deploy.0 = Release|x86
	EndGlobalSection
	GlobalSection(SolutionProperties) = preSolution
		HideSolutionNode = FALSE
	EndGlobalSection
	GlobalSection(ExtensibilityGlobals) = postSolution
		SolutionGuid = {F2E3B209-847D-4237-8A52-B7AC63B479B1}
	EndGlobalSection
EndGlobal
